
Microsoft Visual Studio Solution File, Format Version 12.00
# Visual Studio Version 17
VisualStudioVersion = 17.4.33205.214
MinimumVisualStudioVersion = 10.0.40219.1
Project("{FAE04EC0-301F-11D3-BF4B-00C04F79EFBC}") = "fakeUac", "test1\fakeUac.csproj", "{D6849C33-6453-4584-8E4E-14CD05A77DCD}"
EndProject
Global
	GlobalSection(SolutionConfigurationPlatforms) = preSolution
		Debug|Any CPU = Debug|Any CPU
		Release|Any CPU = Release|Any CPU
	EndGlobalSection
	GlobalSection(ProjectConfigurationPlatforms) = postSolution
		{D6849C33-6453-4584-8E4E-14CD05A77DCD}.Debug|Any CPU.ActiveCfg = Debug|Any CPU
		{D6849C33-6453-4584-8E4E-14CD05A77DCD}.Debug|Any CPU.Build.0 = Debug|Any CPU
		{D6849C33-6453-4584-8E4E-14CD05A77DCD}.Release|Any CPU.ActiveCfg = Release|Any CPU
		{D6849C33-6453-4584-8E4E-14CD05A77DCD}.Release|Any CPU.Build.0 = Release|Any CPU
	EndGlobalSection
	GlobalSection(SolutionProperties) = preSolution
		HideSolutionNode = FALSE
	EndGlobalSection
	GlobalSection(ExtensibilityGlobals) = postSolution
		SolutionGuid = {D2250F75-F1BE-4E57-82B3-6DC46690B552}
	EndGlobalSection
EndGlobal
